// !$*UTF8*$!
{
	archiveVersion = 1;
	classes = {
	};
	objectVersion = 50;
	objects = {

/* Begin PBXBuildFile section */
		EAEBF2EB2446FD8B00467B20 /* AppDelegate.swift in Sources */ = {isa = PBXBuildFile; fileRef = EAEBF2EA2446FD8B00467B20 /* AppDelegate.swift */; };
		EAEBF2ED2446FD8B00467B20 /* SceneDelegate.swift in Sources */ = {isa = PBXBuildFile; fileRef = EAEBF2EC2446FD8B00467B20 /* SceneDelegate.swift */; };
		EAEBF2EF2446FD8B00467B20 /* ViewController.swift in Sources */ = {isa = PBXBuildFile; fileRef = EAEBF2EE2446FD8B00467B20 /* ViewController.swift */; };
		EAEBF2F22446FD8B00467B20 /* Main.storyboard in Resources */ = {isa = PBXBuildFile; fileRef = EAEBF2F02446FD8B00467B20 /* Main.storyboard */; };
		EAEBF2F42446FD9200467B20 /* Assets.xcassets in Resources */ = {isa = PBXBuildFile; fileRef = EAEBF2F32446FD9200467B20 /* Assets.xcassets */; };
		EAEBF2F72446FD9200467B20 /* LaunchScreen.storyboard in Resources */ = {isa = PBXBuildFile; fileRef = EAEBF2F52446FD9200467B20 /* LaunchScreen.storyboard */; };
/* End PBXBuildFile section */

/* Begin PBXFileReference section */
		EAEBF2E72446FD8B00467B20 /* MarineInhabitants.app */ = {isa = PBXFileReference; explicitFileType = wrapper.application; includeInIndex = 0; path = MarineInhabitants.app; sourceTree = BUILT_PRODUCTS_DIR; };
		EAEBF2EA2446FD8B00467B20 /* AppDelegate.swift */ = {isa = PBXFileReference; lastKnownFileType = sourcecode.swift; path = AppDelegate.swift; sourceTree = "<group>"; };
		EAEBF2EC2446FD8B00467B20 /* SceneDelegate.swift */ = {isa = PBXFileReference; lastKnownFileType = sourcecode.swift; path = SceneDelegate.swift; sourceTree = "<group>"; };
		EAEBF2EE2446FD8B00467B20 /* ViewController.swift */ = {isa = PBXFileReference; lastKnownFileType = sourcecode.swift; path = ViewController.swift; sourceTree = "<group>"; };
		EAEBF2F12446FD8B00467B20 /* Base */ = {isa = PBXFileReference; lastKnownFileType = file.storyboard; name = Base; path = Base.lproj/Main.storyboard; sourceTree = "<group>"; };
		EAEBF2F32446FD9200467B20 /* Assets.xcassets */ = {isa = PBXFileReference; lastKnownFileType = folder.assetcatalog; path = Assets.xcassets; sourceTree = "<group>"; };
		EAEBF2F62446FD9200467B20 /* Base */ = {isa = PBXFileReference; lastKnownFileType = file.storyboard; name = Base; path = Base.lproj/LaunchScreen.storyboard; sourceTree = "<group>"; };
		EAEBF2F82446FD9200467B20 /* Info.plist */ = {isa = PBXFileReference; lastKnownFileType = text.plist.xml; path = Info.plist; sourceTree = "<group>"; };
/* End PBXFileReference section */

/* Begin PBXFrameworksBuildPhase section */
		EAEBF2E42446FD8B00467B20 /* Frameworks */ = {
			isa = PBXFrameworksBuildPhase;
			buildActionMask = 2147483647;
			files = (
			);
			runOnlyForDeploymentPostprocessing = 0;
		};
/* End PBXFrameworksBuildPhase section */

/* Begin PBXGroup section */
		EAEBF2DE2446FD8B00467B20 = {
			isa = PBXGroup;
			children = (
				EAEBF2E92446FD8B00467B20 /* MarineInhabitants */,
				EAEBF2E82446FD8B00467B20 /* Products */,
			);
			sourceTree = "<group>";
		};
		EAEBF2E82446FD8B00467B20 /* Products */ = {
			isa = PBXGroup;
			children = (
				EAEBF2E72446FD8B00467B20 /* MarineInhabitants.app */,
			);
			name = Products;
			sourceTree = "<group>";
		};
		EAEBF2E92446FD8B00467B20 /* MarineInhabitants */ = {
			isa = PBXGroup;
			children = (
				EAEBF2EA2446FD8B00467B20 /* AppDelegate.swift */,
				EAEBF2EC2446FD8B00467B20 /* SceneDelegate.swift */,
				EAEBF2EE2446FD8B00467B20 /* ViewController.swift */,
				EAEBF2F02446FD8B00467B20 /* Main.storyboard */,
				EAEBF2F32446FD9200467B20 /* Assets.xcassets */,
				EAEBF2F52446FD9200467B20 /* LaunchScreen.storyboard */,
				EAEBF2F82446FD9200467B20 /* Info.plist */,
			);
			path = MarineInhabitants;
			sourceTree = "<group>";
		};
/* End PBXGroup section */

/* Begin PBXNativeTarget section */
		EAEBF2E62446FD8B00467B20 /* MarineInhabitants */ = {
			isa = PBXNativeTarget;
			buildConfigurationList = EAEBF2FB2446FD9200467B20 /* Build configuration list for PBXNativeTarget "MarineInhabitants" */;
			buildPhases = (
				EAEBF2E32446FD8B00467B20 /* Sources */,
				EAEBF2E42446FD8B00467B20 /* Frameworks */,
				EAEBF2E52446FD8B00467B20 /* Resources */,
			);
			buildRules = (
			);
			dependencies = (
			);
			name = MarineInhabitants;
			productName = MarineInhabitants;
			productReference = EAEBF2E72446FD8B00467B20 /* MarineInhabitants.app */;
			productType = "com.apple.product-type.application";
		};
/* End PBXNativeTarget section */

/* Begin PBXProject section */
		EAEBF2DF2446FD8B00467B20 /* Project object */ = {
			isa = PBXProject;
			attributes = {
				LastSwiftUpdateCheck = 1140;
				LastUpgradeCheck = 1140;
				ORGANIZATIONNAME = Tony;
				TargetAttributes = {
					EAEBF2E62446FD8B00467B20 = {
						CreatedOnToolsVersion = 11.4;
					};
				};
			};
			buildConfigurationList = EAEBF2E22446FD8B00467B20 /* Build configuration list for PBXProject "MarineInhabitants" */;
			compatibilityVersion = "Xcode 9.3";
			developmentRegion = en;
			hasScannedForEncodings = 0;
			knownRegions = (
				en,
				Base,
			);
			mainGroup = EAEBF2DE2446FD8B00467B20;
			productRefGroup = EAEBF2E82446FD8B00467B20 /* Products */;
			projectDirPath = "";
			projectRoot = "";
			targets = (
				EAEBF2E62446FD8B00467B20 /* MarineInhabitants */,
			);
		};
/* End PBXProject section */

/* Begin PBXResourcesBuildPhase section */
		EAEBF2E52446FD8B00467B20 /* Resources */ = {
			isa = PBXResourcesBuildPhase;
			buildActionMask = 2147483647;
			files = (
				EAEBF2F72446FD9200467B20 /* LaunchScreen.storyboard in Resources */,
				EAEBF2F42446FD9200467B20 /* Assets.xcassets in Resources */,
				EAEBF2F22446FD8B00467B20 /* Main.storyboard in Resources */,
			);
			runOnlyForDeploymentPostprocessing = 0;
		};
/* End PBXResourcesBuildPhase section */

/* Begin PBXSourcesBuildPhase section */
		EAEBF2E32446FD8B00467B20 /* Sources */ = {
			isa = PBXSourcesBuildPhase;
			buildActionMask = 2147483647;
			files = (
				EAEBF2EF2446FD8B00467B20 /* ViewController.swift in Sources */,
				EAEBF2EB2446FD8B00467B20 /* AppDelegate.swift in Sources */,
				EAEBF2ED2446FD8B00467B20 /* SceneDelegate.swift in Sources */,
			);
			runOnlyForDeploymentPostprocessing = 0;
		};
/* End PBXSourcesBuildPhase section */

/* Begin PBXVariantGroup section */
		EAEBF2F02446FD8B00467B20 /* Main.storyboard */ = {
			isa = PBXVariantGroup;
			children = (
				EAEBF2F12446FD8B00467B20 /* Base */,
			);
			name = Main.storyboard;
			sourceTree = "<group>";
		};
		EAEBF2F52446FD9200467B20 /* LaunchScreen.storyboard */ = {
			isa = PBXVariantGroup;
			children = (
				EAEBF2F62446FD9200467B20 /* Base */,
			);
			name = LaunchScreen.storyboard;
			sourceTree = "<group>";
		};
/* End PBXVariantGroup section */

/* Begin XCBuildConfiguration section */
		EAEBF2F92446FD9200467B20 /* Debug */ = {
			isa = XCBuildConfiguration;
			buildSettings = {
				ALWAYS_SEARCH_USER_PATHS = NO;
				CLANG_ANALYZER_NONNULL = YES;
				CLANG_ANALYZER_NUMBER_OBJECT_CONVERSION = YES_AGGRESSIVE;
				CLANG_CXX_LANGUAGE_STANDARD = "gnu++14";
				CLANG_CXX_LIBRARY = "libc++";
				CLANG_ENABLE_MODULES = YES;
				CLANG_ENABLE_OBJC_ARC = YES;
				CLANG_ENABLE_OBJC_WEAK = YES;
				CLANG_WARN_BLOCK_CAPTURE_AUTORELEASING = YES;
				CLANG_WARN_BOOL_CONVERSION = YES;
				CLANG_WARN_COMMA = YES;
				CLANG_WARN_CONSTANT_CONVERSION = YES;
				CLANG_WARN_DEPRECATED_OBJC_IMPLEMENTATIONS = YES;
				CLANG_WARN_DIRECT_OBJC_ISA_USAGE = YES_ERROR;
				CLANG_WARN_DOCUMENTATION_COMMENTS = YES;
				CLANG_WARN_EMPTY_BODY = YES;
				CLANG_WARN_ENUM_CONVERSION = YES;
				CLANG_WARN_INFINITE_RECURSION = YES;
				CLANG_WARN_INT_CONVERSION = YES;
				CLANG_WARN_NON_LITERAL_NULL_CONVERSION = YES;
				CLANG_WARN_OBJC_IMPLICIT_RETAIN_SELF = YES;
				CLANG_WARN_OBJC_LITERAL_CONVERSION = YES;
				CLANG_WARN_OBJC_ROOT_CLASS = YES_ERROR;
				CLANG_WARN_RANGE_LOOP_ANALYSIS = YES;
				CLANG_WARN_STRICT_PROTOTYPES = YES;
				CLANG_WARN_SUSPICIOUS_MOVE = YES;
				CLANG_WARN_UNGUARDED_AVAILABILITY = YES_AGGRESSIVE;
				CLANG_WARN_UNREACHABLE_CODE = YES;
				CLANG_WARN__DUPLICATE_METHOD_MATCH = YES;
				COPY_PHASE_STRIP = NO;
				DEBUG_INFORMATION_FORMAT = dwarf;
				ENABLE_STRICT_OBJC_MSGSEND = YES;
				ENABLE_TESTABILITY = YES;
				GCC_C_LANGUAGE_STANDARD = gnu11;
				GCC_DYNAMIC_NO_PIC = NO;
				GCC_NO_COMMON_BLOCKS = YES;
				GCC_OPTIMIZATION_LEVEL = 0;
				GCC_PREPROCESSOR_DEFINITIONS = (
					"DEBUG=1",
					"$(inherited)",
				);
				GCC_WARN_64_TO_32_BIT_CONVERSION = YES;
				GCC_WARN_ABOUT_RETURN_TYPE = YES_ERROR;
				GCC_WARN_UNDECLARED_SELECTOR = YES;
				GCC_WARN_UNINITIALIZED_AUTOS = YES_AGGRESSIVE;
				GCC_WARN_UNUSED_FUNCTION = YES;
				GCC_WARN_UNUSED_VARIABLE = YES;
				IPHONEOS_DEPLOYMENT_TARGET = 13.4;
				MTL_ENABLE_DEBUG_INFO = INCLUDE_SOURCE;
				MTL_FAST_MATH = YES;
				ONLY_ACTIVE_ARCH = YES;
				SDKROOT = iphoneos;
				SWIFT_ACTIVE_COMPILATION_CONDITIONS = DEBUG;
				SWIFT_OPTIMIZATION_LEVEL = "-Onone";
			};
			name = Debug;
		};
		EAEBF2FA2446FD9200467B20 /* Release */ = {
			isa = XCBuildConfiguration;
			buildSettings = {
				ALWAYS_SEARCH_USER_PATHS = NO;
				CLANG_ANALYZER_NONNULL = YES;
				CLANG_ANALYZER_NUMBER_OBJECT_CONVERSION = YES_AGGRESSIVE;
				CLANG_CXX_LANGUAGE_STANDARD = "gnu++14";
				CLANG_CXX_LIBRARY = "libc++";
				CLANG_ENABLE_MODULES = YES;
				CLANG_ENABLE_OBJC_ARC = YES;
				CLANG_ENABLE_OBJC_WEAK = YES;
				CLANG_WARN_BLOCK_CAPTURE_AUTORELEASING = YES;
				CLANG_WARN_BOOL_CONVERSION = YES;
				CLANG_WARN_COMMA = YES;
				CLANG_WARN_CONSTANT_CONVERSION = YES;
				CLANG_WARN_DEPRECATED_OBJC_IMPLEMENTATIONS = YES;
				CLANG_WARN_DIRECT_OBJC_ISA_USAGE = YES_ERROR;
				CLANG_WARN_DOCUMENTATION_COMMENTS = YES;
				CLANG_WARN_EMPTY_BODY = YES;
				CLANG_WARN_ENUM_CONVERSION = YES;
				CLANG_WARN_INFINITE_RECURSION = YES;
				CLANG_WARN_INT_CONVERSION = YES;
				CLANG_WARN_NON_LITERAL_NULL_CONVERSION = YES;
				CLANG_WARN_OBJC_IMPLICIT_RETAIN_SELF = YES;
				CLANG_WARN_OBJC_LITERAL_CONVERSION = YES;
				CLANG_WARN_OBJC_ROOT_CLASS = YES_ERROR;
				CLANG_WARN_RANGE_LOOP_ANALYSIS = YES;
				CLANG_WARN_STRICT_PROTOTYPES = YES;
				CLANG_WARN_SUSPICIOUS_MOVE = YES;
				CLANG_WARN_UNGUARDED_AVAILABILITY = YES_AGGRESSIVE;
				CLANG_WARN_UNREACHABLE_CODE = YES;
				CLANG_WARN__DUPLICATE_METHOD_MATCH = YES;
				COPY_PHASE_STRIP = NO;
				DEBUG_INFORMATION_FORMAT = "dwarf-with-dsym";
				ENABLE_NS_ASSERTIONS = NO;
				ENABLE_STRICT_OBJC_MSGSEND = YES;
				GCC_C_LANGUAGE_STANDARD = gnu11;
				GCC_NO_COMMON_BLOCKS = YES;
				GCC_WARN_64_TO_32_BIT_CONVERSION = YES;
				GCC_WARN_ABOUT_RETURN_TYPE = YES_ERROR;
				GCC_WARN_UNDECLARED_SELECTOR = YES;
				GCC_WARN_UNINITIALIZED_AUTOS = YES_AGGRESSIVE;
				GCC_WARN_UNUSED_FUNCTION = YES;
				GCC_WARN_UNUSED_VARIABLE = YES;
				IPHONEOS_DEPLOYMENT_TARGET = 13.4;
				MTL_ENABLE_DEBUG_INFO = NO;
				MTL_FAST_MATH = YES;
				SDKROOT = iphoneos;
				SWIFT_COMPILATION_MODE = wholemodule;
				SWIFT_OPTIMIZATION_LEVEL = "-O";
				VALIDATE_PRODUCT = YES;
			};
			name = Release;
		};
		EAEBF2FC2446FD9200467B20 /* Debug */ = {
			isa = XCBuildConfiguration;
			buildSettings = {
				ASSETCATALOG_COMPILER_APPICON_NAME = AppIcon;
				CODE_SIGN_STYLE = Automatic;
				DEVELOPMENT_TEAM = 6VA2MCZ893;
				INFOPLIST_FILE = MarineInhabitants/Info.plist;
				LD_RUNPATH_SEARCH_PATHS = (
					"$(inherited)",
					"@executable_path/Frameworks",
				);
				PRODUCT_BUNDLE_IDENTIFIER = com.tony.MarineInhabitants;
				PRODUCT_NAME = "$(TARGET_NAME)";
				SWIFT_VERSION = 5.0;
				TARGETED_DEVICE_FAMILY = "1,2";
			};
			name = Debug;
		};
		EAEBF2FD2446FD9200467B20 /* Release */ = {
			isa = XCBuildConfiguration;
			buildSettings = {
				ASSETCATALOG_COMPILER_APPICON_NAME = AppIcon;
				CODE_SIGN_STYLE = Automatic;
				DEVELOPMENT_TEAM = 6VA2MCZ893;
				INFOPLIST_FILE = MarineInhabitants/Info.plist;
				LD_RUNPATH_SEARCH_PATHS = (
					"$(inherited)",
					"@executable_path/Frameworks",
				);
				PRODUCT_BUNDLE_IDENTIFIER = com.tony.MarineInhabitants;
				PRODUCT_NAME = "$(TARGET_NAME)";
				SWIFT_VERSION = 5.0;
				TARGETED_DEVICE_FAMILY = "1,2";
			};
			name = Release;
		};
/* End XCBuildConfiguration section */

/* Begin XCConfigurationList section */
		EAEBF2E22446FD8B00467B20 /* Build configuration list for PBXProject "MarineInhabitants" */ = {
			isa = XCConfigurationList;
			buildConfigurations = (
				EAEBF2F92446FD9200467B20 /* Debug */,
				EAEBF2FA2446FD9200467B20 /* Release */,
			);
			defaultConfigurationIsVisible = 0;
			defaultConfigurationName = Release;
		};
		EAEBF2FB2446FD9200467B20 /* Build configuration list for PBXNativeTarget "MarineInhabitants" */ = {
			isa = XCConfigurationList;
			buildConfigurations = (
				EAEBF2FC2446FD9200467B20 /* Debug */,
				EAEBF2FD2446FD9200467B20 /* Release */,
			);
			defaultConfigurationIsVisible = 0;
			defaultConfigurationName = Release;
		};
/* End XCConfigurationList section */
	};
	rootObject = EAEBF2DF2446FD8B00467B20 /* Project object */;
}
